
Microsoft Visual Studio Solution File, Format Version 12.00
# Visual Studio Version 17
VisualStudioVersion = 17.5.002.0
MinimumVisualStudioVersion = 10.0.40219.1
Project("{9A19103F-16F7-4668-BE54-9A1E7A4F7556}") = "projectef", "projectef.csproj", "{78DAADC5-DBBB-4B9B-B383-B8EF6F919D4B}"
EndProject
Global
	GlobalSection(SolutionConfigurationPlatforms) = preSolution
		Debug|Any CPU = Debug|Any CPU
		Release|Any CPU = Release|Any CPU
	EndGlobalSection
	GlobalSection(ProjectConfigurationPlatforms) = postSolution
		{78DAADC5-DBBB-4B9B-B383-B8EF6F919D4B}.Debug|Any CPU.ActiveCfg = Debug|Any CPU
		{78DAADC5-DBBB-4B9B-B383-B8EF6F919D4B}.Debug|Any CPU.Build.0 = Debug|Any CPU
		{78DAADC5-DBBB-4B9B-B383-B8EF6F919D4B}.Release|Any CPU.ActiveCfg = Release|Any CPU
		{78DAADC5-DBBB-4B9B-B383-B8EF6F919D4B}.Release|Any CPU.Build.0 = Release|Any CPU
	EndGlobalSection
	GlobalSection(SolutionProperties) = preSolution
		HideSolutionNode = FALSE
	EndGlobalSection
	GlobalSection(ExtensibilityGlobals) = postSolution
		SolutionGuid = {EBBF7FD1-F445-404F-8D31-0258EF8F885F}
	EndGlobalSection
EndGlobal
